
Microsoft Visual Studio Solution File, Format Version 12.00
# Visual Studio 15
VisualStudioVersion = 15.0.27004.2002
MinimumVisualStudioVersion = 10.0.40219.1
Project("{FAE04EC0-301F-11D3-BF4B-00C04F79EFBC}") = "Academy.WebAPI", "Academy.WebAPI\Academy.WebAPI.csproj", "{C7970F0B-E0EF-48A6-A611-CB664A9F2935}"
EndProject
Project("{FAE04EC0-301F-11D3-BF4B-00C04F79EFBC}") = "Academy.Domain", "Academy.Domain\Academy.Domain.csproj", "{9CAD39C1-21EA-4FF8-AF7D-E3228DD622F8}"
EndProject
Project("{FAE04EC0-301F-11D3-BF4B-00C04F79EFBC}") = "Academy.Infra.Data", "Academy.Infra.Data\Academy.Infra.Data.csproj", "{B8CFC499-EE5A-4DD3-AF8F-A5C43D03DF36}"
EndProject
Project("{FAE04EC0-301F-11D3-BF4B-00C04F79EFBC}") = "Academy.Application", "Academy.Application\Academy.Application.csproj", "{496DEA57-CC79-4F26-8487-98B25721E02B}"
EndProject
Project("{FAE04EC0-301F-11D3-BF4B-00C04F79EFBC}") = "Academy.Infra.CrossCutting.Bus", "Academy.Infra.CrossCutting.Bus\Academy.Infra.CrossCutting.Bus.csproj", "{DF2D288A-FA96-4C96-A907-31F857849D87}"
EndProject
Project("{FAE04EC0-301F-11D3-BF4B-00C04F79EFBC}") = "Academy.Infra.CrossCutting.IoC", "Academy.Infra.CrossCutting.IoC\Academy.Infra.CrossCutting.IoC.csproj", "{BEFE7277-7744-4101-827D-A93583A004A3}"
EndProject
Global
	GlobalSection(SolutionConfigurationPlatforms) = preSolution
		Debug|Any CPU = Debug|Any CPU
		Release|Any CPU = Release|Any CPU
	EndGlobalSection
	GlobalSection(ProjectConfigurationPlatforms) = postSolution
		{C7970F0B-E0EF-48A6-A611-CB664A9F2935}.Debug|Any CPU.ActiveCfg = Debug|Any CPU
		{C7970F0B-E0EF-48A6-A611-CB664A9F2935}.Debug|Any CPU.Build.0 = Debug|Any CPU
		{C7970F0B-E0EF-48A6-A611-CB664A9F2935}.Release|Any CPU.ActiveCfg = Release|Any CPU
		{C7970F0B-E0EF-48A6-A611-CB664A9F2935}.Release|Any CPU.Build.0 = Release|Any CPU
		{9CAD39C1-21EA-4FF8-AF7D-E3228DD622F8}.Debug|Any CPU.ActiveCfg = Debug|Any CPU
		{9CAD39C1-21EA-4FF8-AF7D-E3228DD622F8}.Debug|Any CPU.Build.0 = Debug|Any CPU
		{9CAD39C1-21EA-4FF8-AF7D-E3228DD622F8}.Release|Any CPU.ActiveCfg = Release|Any CPU
		{9CAD39C1-21EA-4FF8-AF7D-E3228DD622F8}.Release|Any CPU.Build.0 = Release|Any CPU
		{B8CFC499-EE5A-4DD3-AF8F-A5C43D03DF36}.Debug|Any CPU.ActiveCfg = Debug|Any CPU
		{B8CFC499-EE5A-4DD3-AF8F-A5C43D03DF36}.Debug|Any CPU.Build.0 = Debug|Any CPU
		{B8CFC499-EE5A-4DD3-AF8F-A5C43D03DF36}.Release|Any CPU.ActiveCfg = Release|Any CPU
		{B8CFC499-EE5A-4DD3-AF8F-A5C43D03DF36}.Release|Any CPU.Build.0 = Release|Any CPU
		{496DEA57-CC79-4F26-8487-98B25721E02B}.Debug|Any CPU.ActiveCfg = Debug|Any CPU
		{496DEA57-CC79-4F26-8487-98B25721E02B}.Debug|Any CPU.Build.0 = Debug|Any CPU
		{496DEA57-CC79-4F26-8487-98B25721E02B}.Release|Any CPU.ActiveCfg = Release|Any CPU
		{496DEA57-CC79-4F26-8487-98B25721E02B}.Release|Any CPU.Build.0 = Release|Any CPU
		{DF2D288A-FA96-4C96-A907-31F857849D87}.Debug|Any CPU.ActiveCfg = Debug|Any CPU
		{DF2D288A-FA96-4C96-A907-31F857849D87}.Debug|Any CPU.Build.0 = Debug|Any CPU
		{DF2D288A-FA96-4C96-A907-31F857849D87}.Release|Any CPU.ActiveCfg = Release|Any CPU
		{DF2D288A-FA96-4C96-A907-31F857849D87}.Release|Any CPU.Build.0 = Release|Any CPU
		{BEFE7277-7744-4101-827D-A93583A004A3}.Debug|Any CPU.ActiveCfg = Debug|Any CPU
		{BEFE7277-7744-4101-827D-A93583A004A3}.Debug|Any CPU.Build.0 = Debug|Any CPU
		{BEFE7277-7744-4101-827D-A93583A004A3}.Release|Any CPU.ActiveCfg = Release|Any CPU
		{BEFE7277-7744-4101-827D-A93583A004A3}.Release|Any CPU.Build.0 = Release|Any CPU
	EndGlobalSection
	GlobalSection(SolutionProperties) = preSolution
		HideSolutionNode = FALSE
	EndGlobalSection
	GlobalSection(ExtensibilityGlobals) = postSolution
		SolutionGuid = {7860A8FA-CFBB-4623-B8DF-1ADE467B238A}
	EndGlobalSection
EndGlobal
